github.com/aymanbagabas/go-osc52/v2 v2.0.1 h1:HwpRHbFMcZLEVr42D4p7XBqjyuxQH5SMiErDT4WkJ2k=
github.com/aymanbagabas/go-osc52/v2 v2.0.1/go.mod h1:uYgXzlJ7ZpABp8OJ+exZzJJhRNQ2ASbcXHWsFqH8hp8=
github.com/beorn7/perks v1.0.1 h1:VlbKKnNfV8bJzeqoa4cOKqO6bYr3WgKZxO8Z16+hsOM=
github.com/beorn7/perks v1.0.1/go.mod h1:G2ZrVWU2WbWT9wwq4/hrbKbnv/1ERSJQ0ibhJ6rlkpw=
github.com/cespare/xxhash/v2 v2.3.0 h1:UL815xU9SqsFlibzuggzjXhog7bL6oX9BbNZnL2UFvs=
github.com/cespare/xxhash/v2 v2.3.0/go.mod h1:VGX0DQ3Q6kWi7AoAeZDth3/j3BFtOZR5XLFGgcrjCOs=
github.com/charmbracelet/colorprofile v0.2.3-0.20250311203215-f60798e515dc h1:4pZI35227imm7yK2bGPcfpFEmuY1gc2YSTShr4iJBfs=
github.com/charmbracelet/colorprofile v0.2.3-0.20250311203215-f60798e515dc/go.mod h1:X4/0JoqgTIPSFcRA/P6INZzIuyqdFY5rm8tb41s9okk=
github.com/charmbracelet/lipgloss v1.1.0 h1:vYXsiLHVkK7fp74RkV7b2kq9+zDLoEU4MZoFqR/noCY=
github.com/charmbracelet/lipgloss v1.1.0/go.mod h1:/6Q8FR2o+kj8rz4Dq0zQc3vYf7X+B0binUUBwA0aL30=
github.com/charmbracelet/log v0.4.2 h1:hYt8Qj6a8yLnvR+h7MwsJv/XvmBJXiueUcI3cIxsyig=
github.com/charmbracelet/log v0.4.2/go.mod h1:qifHGX/tc7eluv2R6pWIpyHDDrrb/AG71Pf2ysQu5nw=
github.com/charmbracelet/x/ansi v0.8.0 h1:9GTq3xq9caJW8ZrBTe0LIe2fvfLR/bYXKTx2llXn7xE=
github.com/charmbracelet/x/ansi v0.8.0/go.mod h1:wdYl/ONOLHLIVmQaxbIYEC/cRKOQyjTkowiI4blgS9Q=
github.com/charmbracelet/x/cellbuf v0.0.13-0.20250311204145-2c3ea96c31dd h1:vy0GVL4jeHEwG5YOXDmi86oYw2yuYUGqz6a8sLwg0X8=
github.com/charmbracelet/x/cellbuf v0.0.13-0.20250311204145-2c3ea96c31dd/go.mod h1:xe0nKWGd3eJgtqZRaN9RjMtK7xUYchjzPr7q6kcvCCs=
github.com/charmbracelet/x/term v0.2.1 h1:AQeHeLZ1OqSXhrAWpYUtZyX1T3zVxfpZuEQMIQaGIAQ=
github.com/charmbracelet/x/term v0.2.1/go.mod h1:oQ4enTYFV7QN4m0i9mzHrViD7TQKvNEEkHUMCmsxdUg=
github.com/cloudflare/cloudflare-go v0.115.0 h1:84/dxeeXweCc0PN5Cto44iTA8AkG1fyT11yPO5ZB7sM=
github.com/cloudflare/cloudflare-go v0.115.0/go.mod h1:Ds6urDwn/TF2uIU24mu7H91xkKP8gSAHxQ44DSZgVmU=
github.com/cloudflare/cloudflare-go v0.116.0 h1:iRPMnTtnswRpELO65NTwMX4+RTdxZl+Xf/zi+HPE95s=
github.com/cloudflare/cloudflare-go v0.116.0/go.mod h1:Ds6urDwn/TF2uIU24mu7H91xkKP8gSAHxQ44DSZgVmU=
github.com/davecgh/go-spew v1.1.1 h1:vj9j/u1bqnvCEfJOwUhtlOARqs3+rkHYY13jYWTU97c=
github.com/davecgh/go-spew v1.1.1/go.mod h1:J7Y8YcW2NihsgmVo/mv3lAwl/skON4iLHjSsI+c5H38=
github.com/docker/go-units v0.5.0 h1:69rxXcBk27SvSaaxTtLh/8llcHD8vYHT7WSdRZ/jvr4=
github.com/docker/go-units v0.5.0/go.mod h1:fgPhTUdO+D/Jk86RDLlptpiXQzgHJF7gydDDbaIK4Dk=
github.com/felixge/httpsnoop v1.0.4 h1:NFTV2Zj1bL4mc9sqWACXbQFVBBg2W3GPvqp8/ESS2Wg=
github.com/felixge/httpsnoop v1.0.4/go.mod h1:m8KPJKqk1gH5J9DgRY2ASl2lWCfGKXixSwevea8zH2U=
github.com/go-logfmt/logfmt v0.6.0 h1:wGYYu3uicYdqXVgoYbvnkrPVXkuLM1p1ifugDMEdRi4=
github.com/go-logfmt/logfmt v0.6.0/go.mod h1:WYhtIu8zTZfxdn5+rREduYbwxfcBr/Vr6KEVveWlfTs=
github.com/goccy/go-json v0.10.5 h1:Fq85nIqj+gXn/S5ahsiTlK3TmC85qgirsdTP/+DeaC4=
github.com/goccy/go-json v0.10.5/go.mod h1:oq7eo15ShAhp70Anwd5lgX2pLfOS3QCiwU/PULtXL6M=
github.com/google/go-cmp v0.5.2/go.mod h1:v8dTdLbMG2kIc/vJvl+f65V22dbkXbowE6jgT/gNBxE=
github.com/google/go-cmp v0.7.0 h1:wk8382ETsv4JYUZwIsn6YpYiWiBsYLSJiTsyBybVuN8=
github.com/google/go-cmp v0.7.0/go.mod h1:pXiqmnSA92OHEEa9HXL2W4E7lf9JzCmGVUdgjX3N/iU=
github.com/google/go-querystring v1.1.0 h1:AnCroh3fv4ZBgVIf1Iwtovgjaw/GiKJo8M8yD/fhyJ8=
github.com/google/go-querystring v1.1.0/go.mod h1:Kcdr2DB4koayq7X8pmAG4sNG59So17icRSOU623lUBU=
github.com/gorilla/websocket v1.5.3 h1:saDtZ6Pbx/0u+bgYQ3q96pZgCzfhKXGPqt7kZ72aNNg=
github.com/gorilla/websocket v1.5.3/go.mod h1:YR8l580nyteQvAITg2hZ9XVh4b55+EU/adAjf1fMHhE=
github.com/hashicorp/cronexpr v1.1.2 h1:wG/ZYIKT+RT3QkOdgYc+xsKWVRgnxJ1OJtjjy84fJ9A=
github.com/hashicorp/cronexpr v1.1.2/go.mod h1:P4wA0KBl9C5q2hABiMO7cp6jcIg96CDh1Efb3g1PWA4=
github.com/hashicorp/cronexpr v1.1.3 h1:rl5IkxXN2m681EfivTlccqIryzYJSXRGRNa0xeG7NA4=
github.com/hashicorp/cronexpr v1.1.3/go.mod h1:P4wA0KBl9C5q2hABiMO7cp6jcIg96CDh1Efb3g1PWA4=
github.com/hashicorp/errwrap v1.0.0 h1:hLrqtEDnRye3+sgx6z4qVLNuviH3MR5aQ0ykNJa/UYA=
github.com/hashicorp/errwrap v1.0.0/go.mod h1:YH+1FKiLXxHSkmPseP+kNlulaMuP3n2brvKWEqk/Jc4=
github.com/hashicorp/go-cleanhttp v0.5.2 h1:035FKYIWjmULyFRBKPs8TBQoi0x6d9G4xc9neXJWAZQ=
github.com/hashicorp/go-cleanhttp v0.5.2/go.mod h1:kO/YDlP8L1346E6Sodw+PrpBSV4/SoxCXGY6BqNFT48=
github.com/hashicorp/go-multierror v1.1.1 h1:H5DkEtf6CXdFp0N0Em5UCwQpXMWke8IA0+lD48awMYo=
github.com/hashicorp/go-multierror v1.1.1/go.mod h1:iw975J/qwKPdAO1clOe2L8331t/9/fmwbPZ6JB6eMoM=
github.com/hashicorp/go-rootcerts v1.0.2 h1:jzhAVGtqPKbwpyCPELlgNWhE1znq+qwJtW5Oi2viEzc=
github.com/hashicorp/go-rootcerts v1.0.2/go.mod h1:pqUvnprVnM5bf7AOirdbb01K4ccR319Vf4pU3K5EGc8=
github.com/hashicorp/nomad/api v0.0.0-20250821232935-f6a078c7e5c7 h1:7NFpEiPlrskNVXm5eQC+j+jXGnx2HhVpKC6+0l4lBfo=
github.com/hashicorp/nomad/api v0.0.0-20250821232935-f6a078c7e5c7/go.mod h1:y4olHzVXiQolzyk6QD/gqJxQTnnchlTf/QtczFFKwOI=
github.com/hashicorp/nomad/api v0.0.0-20250822210455-33a72c2d01eb h1:s4+dPJDlLtufVX+gOdtdpsZJOm34v63dGMSSFgsR7a4=
github.com/hashicorp/nomad/api v0.0.0-20250822210455-33a72c2d01eb/go.mod h1:y4olHzVXiQolzyk6QD/gqJxQTnnchlTf/QtczFFKwOI=
github.com/hashicorp/nomad/api v0.0.0-20250825150230-36d423ceda62 h1:JfBwmhIpOL7QcTMsYlJjDyJhuaNKafq12qYNqhtEGLI=
github.com/hashicorp/nomad/api v0.0.0-20250825150230-36d423ceda62/go.mod h1:y4olHzVXiQolzyk6QD/gqJxQTnnchlTf/QtczFFKwOI=
github.com/hashicorp/nomad/api v0.0.0-20250825223750-3fff1aa3ccbc h1:b2OooGMqdeu6PDIyobXKiQK+eZ0OohLf7HM8aFxT6dk=
github.com/hashicorp/nomad/api v0.0.0-20250825223750-3fff1aa3ccbc/go.mod h1:y4olHzVXiQolzyk6QD/gqJxQTnnchlTf/QtczFFKwOI=
github.com/hashicorp/nomad/api v0.0.0-20250826211812-4b9597a31d02 h1:F0d9/bJ+2jNnTcbAqT7EORhnK7FMvSAGrDtlL4F+Pnk=
github.com/hashicorp/nomad/api v0.0.0-20250826211812-4b9597a31d02/go.mod h1:y4olHzVXiQolzyk6QD/gqJxQTnnchlTf/QtczFFKwOI=
github.com/hashicorp/nomad/api v0.0.0-20250827190016-485356c3d3d6 h1:Nn9+yOiW3wy2XUoZaknv5p5RI6Z+trF9wPbpMiQwXYs=
github.com/hashicorp/nomad/api v0.0.0-20250827190016-485356c3d3d6/go.mod h1:y4olHzVXiQolzyk6QD/gqJxQTnnchlTf/QtczFFKwOI=
github.com/hashicorp/nomad/api v0.0.0-20250829163458-87be37e8cced h1:c+6BViR7Pgyhpd0ikP39Tpuv8a8Z0vU0m9TROo6FGr0=
github.com/hashicorp/nomad/api v0.0.0-20250829163458-87be37e8cced/go.mod h1:y4olHzVXiQolzyk6QD/gqJxQTnnchlTf/QtczFFKwOI=
github.com/hashicorp/nomad/api v0.0.0-20250905185308-0e9eb5ae43fd h1:c7R1U2k62dtDscg2eZsPtynrfzTWchc9DB7VTCqhGqA=
github.com/hashicorp/nomad/api v0.0.0-20250905185308-0e9eb5ae43fd/go.mod h1:y4olHzVXiQolzyk6QD/gqJxQTnnchlTf/QtczFFKwOI=
github.com/hashicorp/nomad/api v0.0.0-20250908192108-cb3e49f3e4a7 h1:ZLtnFNOF2udyY03eziu3VQ7itvhw4/puxK+h8Khxiy0=
github.com/hashicorp/nomad/api v0.0.0-20250908192108-cb3e49f3e4a7/go.mod h1:0Tdp+9HbvwrxprXv/LfYZ8P21bOl4oA8Afyet1kUvhI=
github.com/hashicorp/nomad/api v0.0.0-20250909161257-75774711f0bb h1:STuUBlxgcTHzbi/ch3sgRSumWxghjZpQfDNcxowkLGM=
github.com/hashicorp/nomad/api v0.0.0-20250909161257-75774711f0bb/go.mod h1:0Tdp+9HbvwrxprXv/LfYZ8P21bOl4oA8Afyet1kUvhI=
github.com/hashicorp/nomad/api v0.0.0-20250910000208-bfd64b5f982f h1:kf2/MmT+XrxZ23Vx6wxJ+Fb/LIkfeErg2beGiSEP8cA=
github.com/hashicorp/nomad/api v0.0.0-20250910000208-bfd64b5f982f/go.mod h1:0Tdp+9HbvwrxprXv/LfYZ8P21bOl4oA8Afyet1kUvhI=
github.com/hashicorp/nomad/api v0.0.0-20250910111238-f58e915bd309 h1:voVvjrsoYcOoGvxcPbr2BAQCeQHPM/qMtpilVC+DrWU=
github.com/hashicorp/nomad/api v0.0.0-20250910111238-f58e915bd309/go.mod h1:0Tdp+9HbvwrxprXv/LfYZ8P21bOl4oA8Afyet1kUvhI=
github.com/hashicorp/nomad/api v0.0.0-20250912204011-10be73c081dc h1:KQ6glAgK55hwO422X2NpQkxorJR45Ymu8D1ppdKv2Xo=
github.com/hashicorp/nomad/api v0.0.0-20250912204011-10be73c081dc/go.mod h1:0Tdp+9HbvwrxprXv/LfYZ8P21bOl4oA8Afyet1kUvhI=
github.com/hashicorp/nomad/api v0.0.0-20250916180042-1a19a16ee939 h1:cS4nDxntr9fG8oMgXom6S5omed2dMlG54qUbfDF+SLg=
github.com/hashicorp/nomad/api v0.0.0-20250916180042-1a19a16ee939/go.mod h1:sldFTIgs+FsUeKU3LwVjviAIuksxD8TzDOn02MYwslE=
github.com/hashicorp/nomad/api v0.0.0-20250917172301-3432b0a2d65c h1:LhffOwgZaEVpRB8zlQZ/2llJi7ojzfXWHfbvnjIVbzM=
github.com/hashicorp/nomad/api v0.0.0-20250917172301-3432b0a2d65c/go.mod h1:sldFTIgs+FsUeKU3LwVjviAIuksxD8TzDOn02MYwslE=
github.com/hashicorp/nomad/api v0.0.0-20250918132123-f42239bf6c40 h1:npS+CirsRaYZt2iUQpxQS2IVjuJqUOCG3GfIsf9d9NQ=
github.com/hashicorp/nomad/api v0.0.0-20250918132123-f42239bf6c40/go.mod h1:sldFTIgs+FsUeKU3LwVjviAIuksxD8TzDOn02MYwslE=
github.com/hashicorp/nomad/api v0.0.0-20250919161717-b5530128df74 h1:P8MrVYL3TYh7dTAZADv51vtZb+rAKVgQ37aQzyAPt5Y=
github.com/hashicorp/nomad/api v0.0.0-20250919161717-b5530128df74/go.mod h1:sldFTIgs+FsUeKU3LwVjviAIuksxD8TzDOn02MYwslE=
github.com/hashicorp/nomad/api v0.0.0-20250922075850-ccd497b46f3d h1:PrDHbF84w8SyxxoWSBG3qj93qm++jmpbChMvEiSv7GQ=
github.com/hashicorp/nomad/api v0.0.0-20250922075850-ccd497b46f3d/go.mod h1:sldFTIgs+FsUeKU3LwVjviAIuksxD8TzDOn02MYwslE=
github.com/hashicorp/nomad/api v0.0.0-20250922193509-1d6fddd11f2d h1:VTIYO5dPd3J4Y9CJG8KzJrOw4wUYM40m4JElkMWfh4w=
github.com/hashicorp/nomad/api v0.0.0-20250922193509-1d6fddd11f2d/go.mod h1:sldFTIgs+FsUeKU3LwVjviAIuksxD8TzDOn02MYwslE=
github.com/hashicorp/nomad/api v0.0.0-20250923142223-6d4c8b3efe29 h1:RMPygVv71b1hnvT30udNPwk+Qymyx32zA8AFAlnxvfQ=
github.com/hashicorp/nomad/api v0.0.0-20250923142223-6d4c8b3efe29/go.mod h1:sldFTIgs+FsUeKU3LwVjviAIuksxD8TzDOn02MYwslE=
github.com/hashicorp/nomad/api v0.0.0-20250924132034-c80c60965f6a h1:rtUZ8O6C+hYLT11pmhUc90JWb1JL8SxlRhOivkepMDA=
github.com/hashicorp/nomad/api v0.0.0-20250924132034-c80c60965f6a/go.mod h1:sldFTIgs+FsUeKU3LwVjviAIuksxD8TzDOn02MYwslE=
github.com/hashicorp/nomad/api v0.0.0-20250925170249-bdf08e146108 h1:aYBYgKK6+qYe7fS2KKUF3tv+BW/gpk7apuiqG2CPf9I=
github.com/hashicorp/nomad/api v0.0.0-20250925170249-bdf08e146108/go.mod h1:sldFTIgs+FsUeKU3LwVjviAIuksxD8TzDOn02MYwslE=
github.com/hashicorp/nomad/api v0.0.0-20250926064458-61a4a0216667 h1:N8c3lRzT8+trb7wo1Q0i/I8j4gU4ddAYP+NCYHHUDPs=
github.com/hashicorp/nomad/api v0.0.0-20250926064458-61a4a0216667/go.mod h1:sldFTIgs+FsUeKU3LwVjviAIuksxD8TzDOn02MYwslE=
github.com/hashicorp/nomad/api v0.0.0-20250926133839-f5c563155e5c h1:oNT4OE5tKcQGMiGo/qJnbWnuxdhzZ/d41b8YqnBgQKQ=
github.com/hashicorp/nomad/api v0.0.0-20250926133839-f5c563155e5c/go.mod h1:sldFTIgs+FsUeKU3LwVjviAIuksxD8TzDOn02MYwslE=
github.com/hashicorp/nomad/api v0.0.0-20250929141700-250b8f9d07b0 h1:/z0OgVrk4q132pR9sWAAV6sWXb8wEgCFAguD7txHwek=
github.com/hashicorp/nomad/api v0.0.0-20250929141700-250b8f9d07b0/go.mod h1:sldFTIgs+FsUeKU3LwVjviAIuksxD8TzDOn02MYwslE=
github.com/hashicorp/nomad/api v0.0.0-20250930071859-eaa0fe0e27af h1:ScAYf8O+9xTqTJPZH8MIlUfO+ak8cb31rW1aYJgS+jE=
github.com/hashicorp/nomad/api v0.0.0-20250930071859-eaa0fe0e27af/go.mod h1:sldFTIgs+FsUeKU3LwVjviAIuksxD8TzDOn02MYwslE=
github.com/hashicorp/nomad/api v0.0.0-20250930142128-1cf8d3524589 h1:4mculWDsQ3Jk9Jl+dVaQA4LsX92pfvn3vd1blksiV0Q=
github.com/hashicorp/nomad/api v0.0.0-20250930142128-1cf8d3524589/go.mod h1:sldFTIgs+FsUeKU3LwVjviAIuksxD8TzDOn02MYwslE=
github.com/hashicorp/nomad/api v0.0.0-20251001144612-f2b831a430a7 h1:111988VlKmqp7fhY1zbjWiuZ7DOgVZkXgsEYpUU/uf8=
github.com/hashicorp/nomad/api v0.0.0-20251001144612-f2b831a430a7/go.mod h1:sldFTIgs+FsUeKU3LwVjviAIuksxD8TzDOn02MYwslE=
github.com/hashicorp/nomad/api v0.0.0-20251002205659-e40164abce43 h1:DSzeKHiQ8Y4kT21lebAMzUqOVUQ1IvMpPZuvnIwNaro=
github.com/hashicorp/nomad/api v0.0.0-20251002205659-e40164abce43/go.mod h1:sldFTIgs+FsUeKU3LwVjviAIuksxD8TzDOn02MYwslE=
github.com/hashicorp/nomad/api v0.0.0-20251003131842-48863bda8a9b h1:lwbKo7Jf1W81jALYSVH+Qcv0Sw4zh1Hbadx35Vyo29E=
github.com/hashicorp/nomad/api v0.0.0-20251003131842-48863bda8a9b/go.mod h1:sldFTIgs+FsUeKU3LwVjviAIuksxD8TzDOn02MYwslE=
github.com/hashicorp/nomad/api v0.0.0-20251006133510-26485c45a2fb h1:QdEQr0Vq3yU4dU/zN1lVZMHEgGsHPgFRP+tAGz0B6wU=
github.com/hashicorp/nomad/api v0.0.0-20251006133510-26485c45a2fb/go.mod h1:sldFTIgs+FsUeKU3LwVjviAIuksxD8TzDOn02MYwslE=
github.com/hashicorp/nomad/api v0.0.0-20251008170353-2e89966d4a4b h1:5JEMcfiTZ6EN3myVLsVks8dBEGl8TuKj4DuQhxbSJ3c=
github.com/hashicorp/nomad/api v0.0.0-20251008170353-2e89966d4a4b/go.mod h1:sldFTIgs+FsUeKU3LwVjviAIuksxD8TzDOn02MYwslE=
github.com/hashicorp/nomad/api v0.0.0-20251009064440-b65be2df61e0 h1:YzyL/Fm7lIEEA2OIYeeI3jCl745Mu/pv8Qtkh77gN1E=
github.com/hashicorp/nomad/api v0.0.0-20251009064440-b65be2df61e0/go.mod h1:sldFTIgs+FsUeKU3LwVjviAIuksxD8TzDOn02MYwslE=
github.com/hashicorp/nomad/api v0.0.0-20251009134231-eb44569b86c4 h1:95ULsLpjWuORLjWtUVzngO+z4mCsqyf0d0wc3IuFBUU=
github.com/hashicorp/nomad/api v0.0.0-20251009134231-eb44569b86c4/go.mod h1:sldFTIgs+FsUeKU3LwVjviAIuksxD8TzDOn02MYwslE=
github.com/hashicorp/nomad/api v0.0.0-20251010131628-c2e6ef8bb94b h1:U24oyNemc/1fX/XDOdycSC2/bFV2F5PqqFC8ENY5ltw=
github.com/hashicorp/nomad/api v0.0.0-20251010131628-c2e6ef8bb94b/go.mod h1:sldFTIgs+FsUeKU3LwVjviAIuksxD8TzDOn02MYwslE=
github.com/hashicorp/nomad/api v0.0.0-20251013211132-ce8c3995a23d h1:9dcbemQk+dUZYpCwS190eTsYkuh+N6QLNtALXNn+WRs=
github.com/hashicorp/nomad/api v0.0.0-20251013211132-ce8c3995a23d/go.mod h1:sldFTIgs+FsUeKU3LwVjviAIuksxD8TzDOn02MYwslE=
github.com/hashicorp/nomad/api v0.0.0-20251014202137-a55a0fda6ad2 h1:nCAAuCG8d/VFzGoveDbuFeTWYh2jNtq72YRxnXNfTIg=
github.com/hashicorp/nomad/api v0.0.0-20251014202137-a55a0fda6ad2/go.mod h1:sldFTIgs+FsUeKU3LwVjviAIuksxD8TzDOn02MYwslE=
github.com/hashicorp/nomad/api v0.0.0-20251016084926-4b1bb159ced0 h1:B8jaLGU5wuld+HO5JrWokkOhDpGEJ5YgyBUf6fm9aio=
github.com/hashicorp/nomad/api v0.0.0-20251016084926-4b1bb159ced0/go.mod h1:sldFTIgs+FsUeKU3LwVjviAIuksxD8TzDOn02MYwslE=
github.com/hashicorp/nomad/api v0.0.0-20251016133348-59cef11fb293 h1:Ptr5HZMmuTt/Z9WgLh0XS43XU2ITOhxLvWWJZ7t/vvo=
github.com/hashicorp/nomad/api v0.0.0-20251016133348-59cef11fb293/go.mod h1:sldFTIgs+FsUeKU3LwVjviAIuksxD8TzDOn02MYwslE=
github.com/hashicorp/nomad/api v0.0.0-20251017113449-5eb75535197a h1:OWKKSF6SaZRCh4Jr5usq7wplWT31+huHYcQTAuILTHE=
github.com/hashicorp/nomad/api v0.0.0-20251017113449-5eb75535197a/go.mod h1:sldFTIgs+FsUeKU3LwVjviAIuksxD8TzDOn02MYwslE=
github.com/hashicorp/nomad/api v0.0.0-20251020195010-6e37a860cb78 h1:8d5AwmiQzxjk+AT70bACN1eVV0iMfO6foPHg2IRAUv0=
github.com/hashicorp/nomad/api v0.0.0-20251020195010-6e37a860cb78/go.mod h1:sldFTIgs+FsUeKU3LwVjviAIuksxD8TzDOn02MYwslE=
github.com/hashicorp/nomad/api v0.0.0-20251022123658-12f6941b09e6 h1:m1Ji3lWCGyLzFKnpf+sWngS7JszlbDrtYly1OCJzwpA=
github.com/hashicorp/nomad/api v0.0.0-20251022123658-12f6941b09e6/go.mod h1:sldFTIgs+FsUeKU3LwVjviAIuksxD8TzDOn02MYwslE=
github.com/hashicorp/nomad/api v0.0.0-20251023180033-aec6df8bf599 h1:sWiFM75RnAxGTPDXVhoioHLBpw9sBTSMnesioDkjBBc=
github.com/hashicorp/nomad/api v0.0.0-20251023180033-aec6df8bf599/go.mod h1:sldFTIgs+FsUeKU3LwVjviAIuksxD8TzDOn02MYwslE=
github.com/hashicorp/nomad/api v0.0.0-20251024124013-848df7cf5fb3 h1:hV/O55WNH4w365Ws8ShDNQK87Ht7zHeoi6OxCb0JzlU=
github.com/hashicorp/nomad/api v0.0.0-20251024124013-848df7cf5fb3/go.mod h1:sldFTIgs+FsUeKU3LwVjviAIuksxD8TzDOn02MYwslE=
github.com/hashicorp/nomad/api v0.0.0-20251027082516-c6079293ff3e h1:CE+dZKkP/dkLnO45KndO+ILneLY8RaGi9vcGxE6+akI=
github.com/hashicorp/nomad/api v0.0.0-20251027082516-c6079293ff3e/go.mod h1:sldFTIgs+FsUeKU3LwVjviAIuksxD8TzDOn02MYwslE=
github.com/hashicorp/nomad/api v0.0.0-20251028181233-7a1d4f81a6b8 h1:4vPXMt2xBNrNgX4pTGVO5Ks70VX1ZY5rasPqfoAr1jQ=
github.com/hashicorp/nomad/api v0.0.0-20251028181233-7a1d4f81a6b8/go.mod h1:sldFTIgs+FsUeKU3LwVjviAIuksxD8TzDOn02MYwslE=
github.com/hashicorp/nomad/api v0.0.0-20251029164822-3a20db342673 h1:aq5EIY1F520LjAFk4cJO59dMtIDttk8/0rRwq9HdXjM=
github.com/hashicorp/nomad/api v0.0.0-20251029164822-3a20db342673/go.mod h1:sldFTIgs+FsUeKU3LwVjviAIuksxD8TzDOn02MYwslE=
github.com/hashicorp/nomad/api v0.0.0-20251031174706-b6aedb63f2b2 h1:PzVwWku2jLXa+W7rVIozZ9h1EYM4YOkdr0aPboWUpAk=
github.com/hashicorp/nomad/api v0.0.0-20251031174706-b6aedb63f2b2/go.mod h1:sldFTIgs+FsUeKU3LwVjviAIuksxD8TzDOn02MYwslE=
github.com/hashicorp/nomad/api v0.0.0-20251103214437-68b5cfb5c6b9 h1:PURgS42XSZh1yIUA5gOzrkSKAGzP72QFZMASZdhdfMY=
github.com/hashicorp/nomad/api v0.0.0-20251103214437-68b5cfb5c6b9/go.mod h1:sldFTIgs+FsUeKU3LwVjviAIuksxD8TzDOn02MYwslE=
github.com/hashicorp/nomad/api v0.0.0-20251104205223-d3de9dd90601 h1:VWj7I+be9mlW8f5K47PYD70bkw2oIyvWolicNRM9Bhc=
github.com/hashicorp/nomad/api v0.0.0-20251104205223-d3de9dd90601/go.mod h1:sldFTIgs+FsUeKU3LwVjviAIuksxD8TzDOn02MYwslE=
github.com/hashicorp/nomad/api v0.0.0-20251105172100-f20a01eda06e h1:CmXFaY0DMPaUMfszqH4yaC4/qhrVi7vEG9M5c2KP28w=
github.com/hashicorp/nomad/api v0.0.0-20251105172100-f20a01eda06e/go.mod h1:sldFTIgs+FsUeKU3LwVjviAIuksxD8TzDOn02MYwslE=
github.com/hashicorp/nomad/api v0.0.0-20251106185427-911b6258b47f h1:n4donGUL1ib3eaYeGm4k33UdZ+O+1G+1rPIRHQtOdyQ=
github.com/hashicorp/nomad/api v0.0.0-20251106185427-911b6258b47f/go.mod h1:sldFTIgs+FsUeKU3LwVjviAIuksxD8TzDOn02MYwslE=
github.com/klauspost/compress v1.18.0 h1:c/Cqfb0r+Yi+JtIEq73FWXVkRonBlf0CRNYc8Zttxdo=
github.com/klauspost/compress v1.18.0/go.mod h1:2Pp+KzxcywXVXMr50+X0Q/Lsb43OQHYWRCY2AiWywWQ=
github.com/kylelemons/godebug v1.1.0 h1:RPNrshWIDI6G2gRW9EHilWtl7Z6Sb1BR0xunSBf0SNc=
github.com/kylelemons/godebug v1.1.0/go.mod h1:9/0rRGxNHcop5bhtWyNeEfOS8JIWk580+fNqagV/RAw=
github.com/lucasb-eyer/go-colorful v1.2.0 h1:1nnpGOrhyZZuNyfu1QjKiUICQ74+3FNCN69Aj6K7nkY=
github.com/lucasb-eyer/go-colorful v1.2.0/go.mod h1:R4dSotOR9KMtayYi1e77YzuveK+i7ruzyGqttikkLy0=
github.com/mattn/go-isatty v0.0.20 h1:xfD0iDuEKnDkl03q4limB+vH+GxLEtL/jb4xVJSWWEY=
github.com/mattn/go-isatty v0.0.20/go.mod h1:W+V8PltTTMOvKvAeJH7IuucS94S2C6jfK/D7dTCTo3Y=
github.com/mattn/go-runewidth v0.0.16 h1:E5ScNMtiwvlvB5paMFdw9p4kSQzbXFikJ5SQO6TULQc=
github.com/mattn/go-runewidth v0.0.16/go.mod h1:Jdepj2loyihRzMpdS35Xk/zdY8IAYHsh153qUoGf23w=
github.com/mitchellh/go-homedir v1.1.0 h1:lukF9ziXFxDFPkA1vsr5zpc1XuPDn/wFntq5mG+4E0Y=
github.com/mitchellh/go-homedir v1.1.0/go.mod h1:SfyaCUpYCn1Vlf4IUYiD9fPX4A5wJrkLzIz1N1q0pr0=
github.com/mitchellh/mapstructure v1.5.0 h1:jeMsZIYE/09sWLaz43PL7Gy6RuMjD2eJVyuac5Z2hdY=
github.com/mitchellh/mapstructure v1.5.0/go.mod h1:bFUtVrKA4DC2yAKiSyO/QUcy7e+RRV2QTWOzhPopBRo=
github.com/muesli/termenv v0.16.0 h1:S5AlUN9dENB57rsbnkPyfdGuWIlkmzJjbFf0Tf5FWUc=
github.com/muesli/termenv v0.16.0/go.mod h1:ZRfOIKPFDYQoDFF4Olj7/QJbW60Ol/kL1pU3VfY/Cnk=
github.com/munnerz/goautoneg v0.0.0-20191010083416-a7dc8b61c822 h1:C3w9PqII01/Oq1c1nUAm88MOHcQC9l5mIlSMApZMrHA=
github.com/munnerz/goautoneg v0.0.0-20191010083416-a7dc8b61c822/go.mod h1:+n7T8mK8HuQTcFwEeznm/DIxMOiR9yIdICNftLE1DvQ=
github.com/pmezard/go-difflib v1.0.0 h1:4DBwDE0NGyQoBHbLQYPwSUPoCMWR5BEzIk/f1lZbAQM=
github.com/pmezard/go-difflib v1.0.0/go.mod h1:iKH77koFhYxTK1pcRnkKkqfTogsbg7gZNVY4sRDYZ/4=
github.com/prometheus/client_golang v1.23.0 h1:ust4zpdl9r4trLY/gSjlm07PuiBq2ynaXXlptpfy8Uc=
github.com/prometheus/client_golang v1.23.0/go.mod h1:i/o0R9ByOnHX0McrTMTyhYvKE4haaf2mW08I+jGAjEE=
github.com/prometheus/client_golang v1.23.2 h1:Je96obch5RDVy3FDMndoUsjAhG5Edi49h0RJWRi/o0o=
github.com/prometheus/client_golang v1.23.2/go.mod h1:Tb1a6LWHB3/SPIzCoaDXI4I8UHKeFTEQ1YCr+0Gyqmg=
github.com/prometheus/client_model v0.6.2 h1:oBsgwpGs7iVziMvrGhE53c/GrLUsZdHnqNwqPLxwZyk=
github.com/prometheus/client_model v0.6.2/go.mod h1:y3m2F6Gdpfy6Ut/GBsUqTWZqCUvMVzSfMLjcu6wAwpE=
github.com/prometheus/common v0.65.0 h1:QDwzd+G1twt//Kwj/Ww6E9FQq1iVMmODnILtW1t2VzE=
github.com/prometheus/common v0.65.0/go.mod h1:0gZns+BLRQ3V6NdaerOhMbwwRbNh9hkGINtQAsP5GS8=
github.com/prometheus/common v0.66.1 h1:h5E0h5/Y8niHc5DlaLlWLArTQI7tMrsfQjHV+d9ZoGs=
github.com/prometheus/common v0.66.1/go.mod h1:gcaUsgf3KfRSwHY4dIMXLPV0K/Wg1oZ8+SbZk/HH/dA=
github.com/prometheus/procfs v0.16.1 h1:hZ15bTNuirocR6u0JZ6BAHHmwS1p8B4P6MRqxtzMyRg=
github.com/prometheus/procfs v0.16.1/go.mod h1:teAbpZRB1iIAJYREa1LsoWUXykVXA1KlTmWl8x/U+Is=
github.com/rivo/uniseg v0.2.0/go.mod h1:J6wj4VEh+S6ZtnVlnTBMWIodfgj8LQOQFoIToxlJtxc=
github.com/rivo/uniseg v0.4.7 h1:WUdvkW8uEhrYfLC4ZzdpI2ztxP1I582+49Oc5Mq64VQ=
github.com/rivo/uniseg v0.4.7/go.mod h1:FN3SvrM+Zdj16jyLfmOkMNblXMcoc8DfTHruCPUcx88=
github.com/shoenig/test v1.12.1 h1:mLHfnMv7gmhhP44WrvT+nKSxKkPDiNkIuHGdIGI9RLU=
github.com/shoenig/test v1.12.1/go.mod h1:UxJ6u/x2v/TNs/LoLxBNJRV9DiwBBKYxXSyczsBHFoI=
github.com/stretchr/testify v1.10.0 h1:Xv5erBjTwe/5IxqUQTdXv5kgmIvbHo3QQyRwhJsOfJA=
github.com/stretchr/testify v1.10.0/go.mod h1:r2ic/lqez/lEtzL7wO/rwa5dbSLXVDPFyf8C91i36aY=
github.com/xo/terminfo v0.0.0-20220910002029-abceb7e1c41e h1:JVG44RsyaB9T2KIHavMF/ppJZNG9ZpyihvCd0w101no=
github.com/xo/terminfo v0.0.0-20220910002029-abceb7e1c41e/go.mod h1:RbqR21r5mrJuqunuUZ/Dhy/avygyECGrLceyNeo4LiM=
go.uber.org/goleak v1.3.0 h1:2K3zAYmnTNqV73imy9J1T3WC+gmCePx2hEGkimedGto=
go.uber.org/goleak v1.3.0/go.mod h1:CoHD4mav9JJNrW/WLlf7HGZPjdw8EucARQHekz1X6bE=
go.yaml.in/yaml/v2 v2.4.2 h1:DzmwEr2rDGHl7lsFgAHxmNz/1NlQ7xLIrlN2h5d1eGI=
go.yaml.in/yaml/v2 v2.4.2/go.mod h1:081UH+NErpNdqlCXm3TtEran0rJZGxAYx9hb/ELlsPU=
golang.org/x/exp v0.0.0-20231006140011-7918f672742d h1:jtJma62tbqLibJ5sFQz8bKtEM8rJBtfilJ2qTU199MI=
golang.org/x/exp v0.0.0-20231006140011-7918f672742d/go.mod h1:ldy0pHrwJyGW56pPQzzkH36rKxoZW1tw7ZJpeKx+hdo=
golang.org/x/net v0.40.0 h1:79Xs7wF06Gbdcg4kdCCIQArK11Z1hr5POQ6+fIYHNuY=
golang.org/x/net v0.40.0/go.mod h1:y0hY0exeL2Pku80/zKK7tpntoX23cqL3Oa6njdgRtds=
golang.org/x/net v0.43.0 h1:lat02VYK2j4aLzMzecihNvTlJNQUq316m2Mr9rnM6YE=
golang.org/x/net v0.43.0/go.mod h1:vhO1fvI4dGsIjh73sWfUVjj3N7CA9WkKJNQm2svM6Jg=
golang.org/x/sys v0.6.0/go.mod h1:oPkhp1MJrh7nUepCBck5+mAzfO9JrbApNNgaTdGDITg=
golang.org/x/sys v0.33.0 h1:q3i8TbbEz+JRD9ywIRlyRAQbM0qF7hu24q3teo2hbuw=
golang.org/x/sys v0.33.0/go.mod h1:BJP2sWEmIv4KK5OTEluFJCKSidICx8ciO85XgH3Ak8k=
golang.org/x/sys v0.35.0 h1:vz1N37gP5bs89s7He8XuIYXpyY0+QlsKmzipCbUtyxI=
golang.org/x/sys v0.35.0/go.mod h1:BJP2sWEmIv4KK5OTEluFJCKSidICx8ciO85XgH3Ak8k=
golang.org/x/text v0.25.0 h1:qVyWApTSYLk/drJRO5mDlNYskwQznZmkpV2c8q9zls4=
golang.org/x/text v0.25.0/go.mod h1:WEdwpYrmk1qmdHvhkSTNPm3app7v4rsT8F2UD6+VHIA=
golang.org/x/text v0.28.0 h1:rhazDwis8INMIwQ4tpjLDzUhx6RlXqZNPEM0huQojng=
golang.org/x/text v0.28.0/go.mod h1:U8nCwOR8jO/marOQ0QbDiOngZVEBB7MAiitBuMjXiNU=
golang.org/x/time v0.9.0 h1:EsRrnYcQiGH+5FfbgvV4AP7qEZstoyrHB0DzarOQ4ZY=
golang.org/x/time v0.9.0/go.mod h1:3BpzKBy/shNhVucY/MWOyx10tF3SFh9QdLuxbVysPQM=
golang.org/x/xerrors v0.0.0-20191204190536-9bdfabe68543/go.mod h1:I/5z698sn9Ka8TeJc9MKroUUfqBBauWjQqLJ2OPfmY0=
google.golang.org/protobuf v1.36.6 h1:z1NpPI8ku2WgiWnf+t9wTPsn6eP1L7ksHUlkfLvd9xY=
google.golang.org/protobuf v1.36.6/go.mod h1:jduwjTPXsFjZGTmRluh+L6NjiWu7pchiJ2/5YcXBHnY=
google.golang.org/protobuf v1.36.8 h1:xHScyCOEuuwZEc6UtSOvPbAT4zRh0xcNRYekJwfqyMc=
google.golang.org/protobuf v1.36.8/go.mod h1:fuxRtAxBytpl4zzqUh6/eyUujkJdNiuEkXntxiD/uRU=
gopkg.in/check.v1 v0.0.0-20161208181325-20d25e280405/go.mod h1:Co6ibVJAznAaIkqp8huTwlJQCZ016jof/cbN4VW5Yz0=
gopkg.in/yaml.v3 v3.0.1 h1:fxVm/GzAzEWqLHuvctI91KS9hhNmmWOoWu0XTYJS7CA=
gopkg.in/yaml.v3 v3.0.1/go.mod h1:K4uyk7z7BCEPqu6E+C64Yfv1cQ7kz7rIZviUmN+EgEM=
